
Microsoft Visual Studio Solution File, Format Version 12.00
# Visual Studio Version 17
VisualStudioVersion = 17.11.35222.181
MinimumVisualStudioVersion = 10.0.40219.1
Project("{9A19103F-16F7-4668-BE54-9A1E7A4F7556}") = "SWP391_Mentor_Booking_System_API", "SWP391_Mentor_Booking_System\SWP391_Mentor_Booking_System_API.csproj", "{9737B847-4BCC-487D-AAFC-CFAD861BC03D}"
EndProject
Project("{9A19103F-16F7-4668-BE54-9A1E7A4F7556}") = "SWP391_Mentor_Booking_System_Data", "SWP391_Mentor_Booking_System_Data\SWP391_Mentor_Booking_System_Data.csproj", "{C9ADBCF2-FA8D-41DE-ABB9-9EB3F8695A79}"
EndProject
Project("{9A19103F-16F7-4668-BE54-9A1E7A4F7556}") = "SWP391_Mentor_Booking_System_Service", "SWP391_Mentor_Booking_System_Service\SWP391_Mentor_Booking_System_Service.csproj", "{5EA41E65-ACA7-472C-B213-7444752C35FF}"
EndProject
Global
	GlobalSection(SolutionConfigurationPlatforms) = preSolution
		Debug|Any CPU = Debug|Any CPU
		Release|Any CPU = Release|Any CPU
	EndGlobalSection
	GlobalSection(ProjectConfigurationPlatforms) = postSolution
		{9737B847-4BCC-487D-AAFC-CFAD861BC03D}.Debug|Any CPU.ActiveCfg = Debug|Any CPU
		{9737B847-4BCC-487D-AAFC-CFAD861BC03D}.Debug|Any CPU.Build.0 = Debug|Any CPU
		{9737B847-4BCC-487D-AAFC-CFAD861BC03D}.Release|Any CPU.ActiveCfg = Release|Any CPU
		{9737B847-4BCC-487D-AAFC-CFAD861BC03D}.Release|Any CPU.Build.0 = Release|Any CPU
		{C9ADBCF2-FA8D-41DE-ABB9-9EB3F8695A79}.Debug|Any CPU.ActiveCfg = Debug|Any CPU
		{C9ADBCF2-FA8D-41DE-ABB9-9EB3F8695A79}.Debug|Any CPU.Build.0 = Debug|Any CPU
		{C9ADBCF2-FA8D-41DE-ABB9-9EB3F8695A79}.Release|Any CPU.ActiveCfg = Release|Any CPU
		{C9ADBCF2-FA8D-41DE-ABB9-9EB3F8695A79}.Release|Any CPU.Build.0 = Release|Any CPU
		{5EA41E65-ACA7-472C-B213-7444752C35FF}.Debug|Any CPU.ActiveCfg = Debug|Any CPU
		{5EA41E65-ACA7-472C-B213-7444752C35FF}.Debug|Any CPU.Build.0 = Debug|Any CPU
		{5EA41E65-ACA7-472C-B213-7444752C35FF}.Release|Any CPU.ActiveCfg = Release|Any CPU
		{5EA41E65-ACA7-472C-B213-7444752C35FF}.Release|Any CPU.Build.0 = Release|Any CPU
	EndGlobalSection
	GlobalSection(SolutionProperties) = preSolution
		HideSolutionNode = FALSE
	EndGlobalSection
	GlobalSection(ExtensibilityGlobals) = postSolution
		SolutionGuid = {8365A5F9-F979-4868-AA3B-0E9C40573A82}
	EndGlobalSection
EndGlobal
