
Microsoft Visual Studio Solution File, Format Version 12.00
# Visual Studio Version 17
VisualStudioVersion = 17.11.35222.181
MinimumVisualStudioVersion = 10.0.40219.1
Project("{FAE04EC0-301F-11D3-BF4B-00C04F79EFBC}") = "SWP391_Mentor_Booking_System", "SWP391_Mentor_Booking_System\SWP391_Mentor_Booking_System.csproj", "{9737B847-4BCC-487D-AAFC-CFAD861BC03D}"
EndProject
Global
	GlobalSection(SolutionConfigurationPlatforms) = preSolution
		Debug|Any CPU = Debug|Any CPU
		Release|Any CPU = Release|Any CPU
	EndGlobalSection
	GlobalSection(ProjectConfigurationPlatforms) = postSolution
		{9737B847-4BCC-487D-AAFC-CFAD861BC03D}.Debug|Any CPU.ActiveCfg = Debug|Any CPU
		{9737B847-4BCC-487D-AAFC-CFAD861BC03D}.Debug|Any CPU.Build.0 = Debug|Any CPU
		{9737B847-4BCC-487D-AAFC-CFAD861BC03D}.Release|Any CPU.ActiveCfg = Release|Any CPU
		{9737B847-4BCC-487D-AAFC-CFAD861BC03D}.Release|Any CPU.Build.0 = Release|Any CPU
	EndGlobalSection
	GlobalSection(SolutionProperties) = preSolution
		HideSolutionNode = FALSE
	EndGlobalSection
	GlobalSection(ExtensibilityGlobals) = postSolution
		SolutionGuid = {8365A5F9-F979-4868-AA3B-0E9C40573A82}
	EndGlobalSection
EndGlobal
